<?xml version="1.0" encoding="utf-8"?>
<Project ToolsVersion="4.0" xmlns="http://schemas.microsoft.com/developer/msbuild/2003">
  <ItemGroup>
    <Filter Include="소스 파일">
      <UniqueIdentifier>{4FC737F1-C7A5-4376-A066-2A32D752A2FF}</UniqueIdentifier>
      <Extensions>cpp;c;cc;cxx;c++;cppm;ixx;def;odl;idl;hpj;bat;asm;asmx</Extensions>
    </Filter>
    <Filter Include="헤더 파일">
      <UniqueIdentifier>{93995380-89BD-4b04-88EB-625FBE52EBFB}</UniqueIdentifier>
      <Extensions>h;hh;hpp;hxx;h++;hm;inl;inc;ipp;xsd</Extensions>
    </Filter>
    <Filter Include="리소스 파일">
      <UniqueIdentifier>{67DA6AB6-F800-4c08-8B7A-83BB121AAD01}</UniqueIdentifier>
      <Extensions>rc;ico;cur;bmp;dlg;rc2;rct;bin;rgs;gif;jpg;jpeg;jpe;resx;tiff;tif;png;wav;mfcribbon-ms</Extensions>
    </Filter>
  </ItemGroup>
  <ItemGroup>
    <ClCompile Include="src\main.cpp">
      <Filter>소스 파일</Filter>
    </ClCompile>
    <ClCompile Include="src\glad.c">
      <Filter>소스 파일</Filter>
    </ClCompile>
    <ClCompile Include="src\Shader.cpp">
      <Filter>소스 파일</Filter>
    </ClCompile>
    <ClCompile Include="src\Camera.cpp">
      <Filter>소스 파일</Filter>
    </ClCompile>
    <ClCompile Include="src\Mesh.cpp">
      <Filter>소스 파일</Filter>
    </ClCompile>
    <ClCompile Include="src\Model.cpp">
      <Filter>소스 파일</Filter>
    </ClCompile>
  </ItemGroup>
  <ItemGroup>
    <ClInclude Include="src\Shader.h">
      <Filter>헤더 파일</Filter>
    </ClInclude>
    <ClInclude Include="src\common.h">
      <Filter>헤더 파일</Filter>
    </ClInclude>
    <ClInclude Include="src\stb_image.h">
      <Filter>헤더 파일</Filter>
    </ClInclude>
    <ClInclude Include="src\Camera.h">
      <Filter>헤더 파일</Filter>
    </ClInclude>
    <ClInclude Include="src\Mesh.h">
      <Filter>헤더 파일</Filter>
    </ClInclude>
    <ClInclude Include="src\Model.h">
      <Filter>헤더 파일</Filter>
    </ClInclude>
  </ItemGroup>
  <ItemGroup>
    <None Include=".gitignore" />
    <None Include="shaders\simple.vs" />
    <None Include="shaders\simple.frag" />
    <None Include="shaders\texture.frag" />
    <None Include="shaders\texture.vs" />
    <None Include="shaders\color.vs" />
    <None Include="shaders\color.frag" />
    <None Include="shaders\texture_light.vs" />
    <None Include="shaders\texture_light.frag" />
    <None Include="shaders\directional_light.vs" />
    <None Include="shaders\directional_light.frag" />
    <None Include="shaders\point_light.vs" />
    <None Include="shaders\point_light.frag" />
    <None Include="shaders\spot_light.frag" />
    <None Include="shaders\spot_light.vs" />
    <None Include="shaders\lights.vs" />
    <None Include="shaders\lights.frag" />
    <None Include="shaders\model_loading.vs" />
    <None Include="shaders\model_loading.frag" />
    <None Include="shaders\depth_testing.vs" />
    <None Include="shaders\depth_testing.frag" />
    <None Include="shaders\stencil_test.vs" />
    <None Include="shaders\stencil_test.frag" />
    <None Include="shaders\stencil_single_color.frag" />
    <None Include="shaders\blending.vs" />
    <None Include="shaders\blending.frag" />
  </ItemGroup>
  <ItemGroup>
    <Image Include="textures\container.jpg">
      <Filter>리소스 파일</Filter>
    </Image>
    <Image Include="textures\wall.jpg">
      <Filter>리소스 파일</Filter>
    </Image>
    <Image Include="textures\awesomeface.png">
      <Filter>리소스 파일</Filter>
    </Image>
    <Image Include="textures\container2.png">
      <Filter>리소스 파일</Filter>
    </Image>
    <Image Include="textures\container2_specular.png">
      <Filter>리소스 파일</Filter>
    </Image>
    <Image Include="textures\lighting_maps_specular_color.png">
      <Filter>리소스 파일</Filter>
    </Image>
    <Image Include="textures\matrix.jpg">
      <Filter>리소스 파일</Filter>
    </Image>
    <Image Include="model\ao.jpg">
      <Filter>리소스 파일</Filter>
    </Image>
    <Image Include="model\diffuse.jpg">
      <Filter>리소스 파일</Filter>
    </Image>
    <Image Include="model\normal.png">
      <Filter>리소스 파일</Filter>
    </Image>
    <Image Include="model\roughness.jpg">
      <Filter>리소스 파일</Filter>
    </Image>
    <Image Include="model\specular.jpg">
      <Filter>리소스 파일</Filter>
    </Image>
    <Image Include="models\backpack\ao.jpg">
      <Filter>리소스 파일</Filter>
    </Image>
    <Image Include="models\backpack\diffuse.jpg">
      <Filter>리소스 파일</Filter>
    </Image>
    <Image Include="models\backpack\normal.png">
      <Filter>리소스 파일</Filter>
    </Image>
    <Image Include="models\backpack\roughness.jpg">
      <Filter>리소스 파일</Filter>
    </Image>
    <Image Include="models\backpack\specular.jpg">
      <Filter>리소스 파일</Filter>
    </Image>
    <Image Include="textures\marble.jpg">
      <Filter>리소스 파일</Filter>
    </Image>
    <Image Include="textures\metal.png">
      <Filter>리소스 파일</Filter>
    </Image>
    <Image Include="textures\blending_transparent_window.png">
      <Filter>리소스 파일</Filter>
    </Image>
    <Image Include="textures\grass.png">
      <Filter>리소스 파일</Filter>
    </Image>
  </ItemGroup>
  <ItemGroup>
    <Text Include="model\source_attribution.txt" />
    <Text Include="models\backpack\source_attribution.txt" />
  </ItemGroup>
</Project>